{
  "name": "@rtgamingwdt/pokeapi",
  "version": "1.0.10",
  "lockfileVersion": 2,
  "requires": true,
  "packages": {
    "": {
      "name": "@rtgamingwdt/pokeapi",
      "version": "1.0.10",
      "license": "MIT",
      "dependencies": {
        "@rtgamingwdt/pokeapi": "^1.0.10"
      }
    },
    "node_modules/@rtgamingwdt/pokeapi": {
      "version": "1.0.10",
      "resolved": "https://registry.npmjs.org/@rtgamingwdt/pokeapi/-/pokeapi-1.0.10.tgz",
      "integrity": "sha512-Jo4g49NdaZB9toXnaDz4k/lKQgafR+eTSWS2SBkO/BZJzCL8ejrzESbxcyVk9JlhksSWSvWiQq/SNlXQy+o0Fg==",
      "dependencies": {
        "@rtgamingwdt/pokeapi": "^1.0.9"
      }
    }
  },
  "dependencies": {
    "@rtgamingwdt/pokeapi": {
      "version": "1.0.10",
      "resolved": "https://registry.npmjs.org/@rtgamingwdt/pokeapi/-/pokeapi-1.0.10.tgz",
      "integrity": "sha512-Jo4g49NdaZB9toXnaDz4k/lKQgafR+eTSWS2SBkO/BZJzCL8ejrzESbxcyVk9JlhksSWSvWiQq/SNlXQy+o0Fg==",
      "requires": {
        "@rtgamingwdt/pokeapi": "^1.0.9"
      }
    }
  }
}
